
Microsoft Visual Studio Solution File, Format Version 12.00
# Visual Studio Version 16
VisualStudioVersion = 16.0.29911.84
MinimumVisualStudioVersion = 10.0.40219.1
Project("{FAE04EC0-301F-11D3-BF4B-00C04F79EFBC}") = "CalculatorSample.Logic", "CalculatorSample.Logic\CalculatorSample.Logic.csproj", "{5B031CA3-0212-4826-953A-11774A48C0BD}"
EndProject
Project("{2150E333-8FDC-42A3-9474-1A3956D46DE8}") = "Tests", "Tests", "{D33DE470-5C50-494B-BB7C-19DBF4D0C1DD}"
EndProject
Project("{FAE04EC0-301F-11D3-BF4B-00C04F79EFBC}") = "CalculatorSample.Tests", "CalculatorSample.Tests\CalculatorSample.Tests.csproj", "{6C6A82A7-DD04-4235-AE6F-74AA50E9685B}"
EndProject
Global
	GlobalSection(SolutionConfigurationPlatforms) = preSolution
		Debug|Any CPU = Debug|Any CPU
		Release|Any CPU = Release|Any CPU
	EndGlobalSection
	GlobalSection(ProjectConfigurationPlatforms) = postSolution
		{5B031CA3-0212-4826-953A-11774A48C0BD}.Debug|Any CPU.ActiveCfg = Debug|Any CPU
		{5B031CA3-0212-4826-953A-11774A48C0BD}.Debug|Any CPU.Build.0 = Debug|Any CPU
		{5B031CA3-0212-4826-953A-11774A48C0BD}.Release|Any CPU.ActiveCfg = Release|Any CPU
		{5B031CA3-0212-4826-953A-11774A48C0BD}.Release|Any CPU.Build.0 = Release|Any CPU
		{6C6A82A7-DD04-4235-AE6F-74AA50E9685B}.Debug|Any CPU.ActiveCfg = Debug|Any CPU
		{6C6A82A7-DD04-4235-AE6F-74AA50E9685B}.Debug|Any CPU.Build.0 = Debug|Any CPU
		{6C6A82A7-DD04-4235-AE6F-74AA50E9685B}.Release|Any CPU.ActiveCfg = Release|Any CPU
		{6C6A82A7-DD04-4235-AE6F-74AA50E9685B}.Release|Any CPU.Build.0 = Release|Any CPU
	EndGlobalSection
	GlobalSection(SolutionProperties) = preSolution
		HideSolutionNode = FALSE
	EndGlobalSection
	GlobalSection(NestedProjects) = preSolution
		{6C6A82A7-DD04-4235-AE6F-74AA50E9685B} = {D33DE470-5C50-494B-BB7C-19DBF4D0C1DD}
	EndGlobalSection
	GlobalSection(ExtensibilityGlobals) = postSolution
		SolutionGuid = {87D8FCEB-9633-446E-B3DA-AEE0E8FAF7D0}
	EndGlobalSection
EndGlobal
